# This file is automatically @generated by Cargo.
# It is not intended for manual editing.
version = 4

[[package]]
name = "brained"
version = "0.0.1"
dependencies = [
 "brained_dylib",
 "brained_internal",
]

[[package]]
name = "brained_dylib"
version = "0.0.1"
dependencies = [
 "brained_internal",
]

[[package]]
name = "brained_internal"
version = "0.0.1"
dependencies = [
 "brained_neuron",
]

[[package]]
name = "brained_neuron"
version = "0.0.1"
